Microsoft Visual Studio Solution File, Format Version 12.00
# Visual Studio Version 17
VisualStudioVersion = 17.5.2.0
MinimumVisualStudioVersion = 10.0.40219.1
Project("{FAE04EC0-301F-11D3-BF4B-00C04F79EFBC}") = "lab_4_C#", "lab_4_C#.csproj", "{AE08DD41-F2E6-A383-0CA8-1F5529F5BF1D}"
EndProject
Global
	GlobalSection(SolutionConfigurationPlatforms) = preSolution
		Debug|Any CPU = Debug|Any CPU
		Release|Any CPU = Release|Any CPU
	EndGlobalSection
	GlobalSection(ProjectConfigurationPlatforms) = postSolution
		{AE08DD41-F2E6-A383-0CA8-1F5529F5BF1D}.Debug|Any CPU.ActiveCfg = Debug|Any CPU
		{AE08DD41-F2E6-A383-0CA8-1F5529F5BF1D}.Debug|Any CPU.Build.0 = Debug|Any CPU
		{AE08DD41-F2E6-A383-0CA8-1F5529F5BF1D}.Release|Any CPU.ActiveCfg = Release|Any CPU
		{AE08DD41-F2E6-A383-0CA8-1F5529F5BF1D}.Release|Any CPU.Build.0 = Release|Any CPU
	EndGlobalSection
	GlobalSection(SolutionProperties) = preSolution
		HideSolutionNode = FALSE
	EndGlobalSection
	GlobalSection(ExtensibilityGlobals) = postSolution
		SolutionGuid = {4D522B2D-B1C7-4898-B86F-CB51BA89689C}
	EndGlobalSection
EndGlobal
